
Microsoft Visual Studio Solution File, Format Version 12.00
# Visual Studio 15
VisualStudioVersion = 15.0.27004.2006
MinimumVisualStudioVersion = 10.0.40219.1
Project("{FAE04EC0-301F-11D3-BF4B-00C04F79EFBC}") = "LolaRennt", "LolaRennt\LolaRennt.csproj", "{2B0467C9-AB9B-48F0-8889-F781C5B4342D}"
EndProject
Project("{FAE04EC0-301F-11D3-BF4B-00C04F79EFBC}") = "LolaRenntModels", "LolaRenntServer\LolaRenntModels.csproj", "{E14835DE-BE85-44CE-9BFF-EBD5D5D1417E}"
EndProject
Project("{FAE04EC0-301F-11D3-BF4B-00C04F79EFBC}") = "LolaRenntFBServer", "LolaRenntFBServer\LolaRenntFBServer.csproj", "{69165C96-8F12-4D98-A4BE-7355C3B382D4}"
EndProject
Project("{FAE04EC0-301F-11D3-BF4B-00C04F79EFBC}") = "LolaRenntProcessing", "LolaRenntProcessing\LolaRenntProcessing.csproj", "{DB4AFEA2-4BC9-4950-892C-F4257DB0A172}"
EndProject
Global
	GlobalSection(SolutionConfigurationPlatforms) = preSolution
		Debug|Any CPU = Debug|Any CPU
		Release|Any CPU = Release|Any CPU
	EndGlobalSection
	GlobalSection(ProjectConfigurationPlatforms) = postSolution
		{2B0467C9-AB9B-48F0-8889-F781C5B4342D}.Debug|Any CPU.ActiveCfg = Debug|Any CPU
		{2B0467C9-AB9B-48F0-8889-F781C5B4342D}.Debug|Any CPU.Build.0 = Debug|Any CPU
		{2B0467C9-AB9B-48F0-8889-F781C5B4342D}.Release|Any CPU.ActiveCfg = Release|Any CPU
		{2B0467C9-AB9B-48F0-8889-F781C5B4342D}.Release|Any CPU.Build.0 = Release|Any CPU
		{E14835DE-BE85-44CE-9BFF-EBD5D5D1417E}.Debug|Any CPU.ActiveCfg = Debug|Any CPU
		{E14835DE-BE85-44CE-9BFF-EBD5D5D1417E}.Debug|Any CPU.Build.0 = Debug|Any CPU
		{E14835DE-BE85-44CE-9BFF-EBD5D5D1417E}.Release|Any CPU.ActiveCfg = Release|Any CPU
		{E14835DE-BE85-44CE-9BFF-EBD5D5D1417E}.Release|Any CPU.Build.0 = Release|Any CPU
		{69165C96-8F12-4D98-A4BE-7355C3B382D4}.Debug|Any CPU.ActiveCfg = Debug|Any CPU
		{69165C96-8F12-4D98-A4BE-7355C3B382D4}.Debug|Any CPU.Build.0 = Debug|Any CPU
		{69165C96-8F12-4D98-A4BE-7355C3B382D4}.Release|Any CPU.ActiveCfg = Release|Any CPU
		{69165C96-8F12-4D98-A4BE-7355C3B382D4}.Release|Any CPU.Build.0 = Release|Any CPU
		{DB4AFEA2-4BC9-4950-892C-F4257DB0A172}.Debug|Any CPU.ActiveCfg = Debug|Any CPU
		{DB4AFEA2-4BC9-4950-892C-F4257DB0A172}.Debug|Any CPU.Build.0 = Debug|Any CPU
		{DB4AFEA2-4BC9-4950-892C-F4257DB0A172}.Release|Any CPU.ActiveCfg = Release|Any CPU
		{DB4AFEA2-4BC9-4950-892C-F4257DB0A172}.Release|Any CPU.Build.0 = Release|Any CPU
	EndGlobalSection
	GlobalSection(SolutionProperties) = preSolution
		HideSolutionNode = FALSE
	EndGlobalSection
	GlobalSection(ExtensibilityGlobals) = postSolution
		SolutionGuid = {208C30F8-5954-4220-B6EF-7D9301379614}
	EndGlobalSection
EndGlobal
